{
    "_readme": [
        "This file locks the dependencies of your project to a known state",
        "Read more about it at https://getcomposer.org/doc/01-basic-usage.md#composer-lock-the-lock-file",
        "This file is @generated automatically"
    ],
    "hash": "2c5f994eedfff3c3cc4f7df64beb46e9",
    "packages": [
        {
            "name": "getherbie/composer",
            "version": "dev-master",
            "source": {
                "type": "git",
                "url": "https://github.com/getherbie/composer.git",
                "reference": "619d9170fef850bcd837343dfcd800655a6e8cba"
            },
            "dist": {
                "type": "zip",
                "url": "https://api.github.com/repos/getherbie/composer/zipball/619d9170fef850bcd837343dfcd800655a6e8cba",
                "reference": "619d9170fef850bcd837343dfcd800655a6e8cba",
                "shasum": ""
            },
            "require": {
                "composer-plugin-api": "^1.0"
            },
            "type": "composer-plugin",
            "extra": {
                "class": "Herbie\\Composer\\Plugin"
            },
            "autoload": {
                "psr-4": {
                    "Herbie\\Composer\\": ""
                }
            },
            "notification-url": "https://packagist.org/downloads/",
            "license": [
                "BSD-3-Clause"
            ],
            "description": "The composer installer for Herbie a flat-file CMS & blog system",
            "homepage": "http://www.getherbie.org",
            "keywords": [
                "composer",
                "getherbie",
                "herbie",
                "installer"
            ],
            "time": "2015-06-12 06:07:05"
        },
        {
            "name": "getherbie/herbie",
            "version": "dev-master",
            "source": {
                "type": "git",
                "url": "https://github.com/getherbie/herbie.git",
                "reference": "9be5145b98fd138ed50e4dbd835781356d522a31"
            },
            "dist": {
                "type": "zip",
                "url": "https://api.github.com/repos/getherbie/herbie/zipball/9be5145b98fd138ed50e4dbd835781356d522a31",
                "reference": "9be5145b98fd138ed50e4dbd835781356d522a31",
                "shasum": ""
            },
            "require": {
                "php": ">=5.4.0",
                "symfony/yaml": "2.7.*"
            },
            "type": "library",
            "autoload": {
                "psr-4": {
                    "Herbie\\": "system"
                }
            },
            "notification-url": "https://packagist.org/downloads/",
            "license": [
                "BSD-3-Clause"
            ],
            "description": "Herbie is a flat-file CMS & blog system. Simple installation - no database - just text files.",
            "homepage": "http://www.getherbie.org",
            "keywords": [
                "blog",
                "cms",
                "flat-file",
                "herbie"
            ],
            "time": "2015-09-22 14:33:48"
        },
        {
            "name": "getherbie/plugin-simplecontact",
            "version": "dev-master",
            "source": {
                "type": "git",
                "url": "https://github.com/getherbie/plugin-simplecontact.git",
                "reference": "0446d056d949268b74208d82306beff46772fcea"
            },
            "dist": {
                "type": "zip",
                "url": "https://api.github.com/repos/getherbie/plugin-simplecontact/zipball/0446d056d949268b74208d82306beff46772fcea",
                "reference": "0446d056d949268b74208d82306beff46772fcea",
                "shasum": ""
            },
            "type": "herbie-plugin",
            "notification-url": "https://packagist.org/downloads/",
            "license": [
                "BSD-3-Clause"
            ],
            "description": "SimpleContact Plugin for Herbie.",
            "homepage": "http://www.getherbie.org",
            "keywords": [
                "contact",
                "herbie",
                "mailform",
                "plugin"
            ],
            "time": "2015-08-24 10:02:16"
        },
        {
            "name": "symfony/yaml",
            "version": "2.7.x-dev",
            "source": {
                "type": "git",
                "url": "https://github.com/symfony/Yaml.git",
                "reference": "31cb2ad0155c95b88ee55fe12bc7ff92232c1770"
            },
            "dist": {
                "type": "zip",
                "url": "https://api.github.com/repos/symfony/Yaml/zipball/31cb2ad0155c95b88ee55fe12bc7ff92232c1770",
                "reference": "31cb2ad0155c95b88ee55fe12bc7ff92232c1770",
                "shasum": ""
            },
            "require": {
                "php": ">=5.3.9"
            },
            "require-dev": {
                "symfony/phpunit-bridge": "~2.7"
            },
            "type": "library",
            "extra": {
                "branch-alias": {
                    "dev-master": "2.7-dev"
                }
            },
            "autoload": {
                "psr-4": {
                    "Symfony\\Component\\Yaml\\": ""
                }
            },
            "notification-url": "https://packagist.org/downloads/",
            "license": [
                "MIT"
            ],
            "authors": [
                {
                    "name": "Fabien Potencier",
                    "email": "fabien@symfony.com"
                },
                {
                    "name": "Symfony Community",
                    "homepage": "https://symfony.com/contributors"
                }
            ],
            "description": "Symfony Yaml Component",
            "homepage": "https://symfony.com",
            "time": "2015-09-14 14:14:09"
        }
    ],
    "packages-dev": [],
    "aliases": [],
    "minimum-stability": "dev",
    "stability-flags": {
        "getherbie/herbie": 20,
        "getherbie/composer": 20,
        "getherbie/plugin-simplecontact": 20
    },
    "prefer-stable": false,
    "prefer-lowest": false,
    "platform": {
        "php": ">=5.4.0"
    },
    "platform-dev": []
}
